
Microsoft Visual Studio Solution File, Format Version 12.00
# Visual Studio 14
VisualStudioVersion = 14.0.24720.0
MinimumVisualStudioVersion = 10.0.40219.1
Project("{FAE04EC0-301F-11D3-BF4B-00C04F79EFBC}") = "TpFinalTDP2015.Test", "TpFinalTDP2015.Test\TpFinalTDP2015.Test.csproj", "{9D834F4D-22EF-4BC5-A3DA-4CD8ABAB2C96}"
EndProject
Project("{FAE04EC0-301F-11D3-BF4B-00C04F79EFBC}") = "TpFinalTDP2015.Service", "TpFinalTDP2015.Service\TpFinalTDP2015.Service.csproj", "{FAE170FD-3290-450D-906F-B0AE33875CEE}"
EndProject
Project("{FAE04EC0-301F-11D3-BF4B-00C04F79EFBC}") = "TpFinalTDP2015.Persistence.Interfaces", "TpFinalTDP2015.Persistence.Interfaces\TpFinalTDP2015.Persistence.Interfaces.csproj", "{5AEBB1C3-D751-4D7E-8C65-6025BD98EE27}"
EndProject
Project("{FAE04EC0-301F-11D3-BF4B-00C04F79EFBC}") = "TpFinalTDP2015.Model", "TpFinalTDP2015.Model\TpFinalTDP2015.Model.csproj", "{633DB5BE-927E-45AF-860F-4CF5B2EF6AFD}"
EndProject
Project("{FAE04EC0-301F-11D3-BF4B-00C04F79EFBC}") = "TpFinalTDP2015.Persistence.EntityFramework", "TpFinalTDP2015.Persistence.EntityFramework\TpFinalTDP2015.Persistence.EntityFramework.csproj", "{C1966555-9617-43DC-9F3D-918D34778945}"
EndProject
Project("{FAE04EC0-301F-11D3-BF4B-00C04F79EFBC}") = "TpFinalTDP2015.UI.WinForms", "TpFinalTDP2015.UI.WinForms\TpFinalTDP2015.UI.WinForms.csproj", "{92F31C87-F056-4C81-9318-967A88A530D3}"
EndProject
Project("{FAE04EC0-301F-11D3-BF4B-00C04F79EFBC}") = "TpFinalTDP2015.Persistence.NHibernate", "TpFinalTDP2015.Persistence.NHibernate\TpFinalTDP2015.Persistence.NHibernate.csproj", "{771CE6EB-4E57-4CB9-802D-6D12C7D20549}"
EndProject
Project("{FAE04EC0-301F-11D3-BF4B-00C04F79EFBC}") = "TpFinalTDP2015.UI.WPF", "TpFinalTDP2015.UI.WPF\TpFinalTDP2015.UI.WPF.csproj", "{FAF96A08-52AF-49D0-A0BA-4F00E6EBD76E}"
EndProject
Global
	GlobalSection(SolutionConfigurationPlatforms) = preSolution
		Debug|Any CPU = Debug|Any CPU
		Release|Any CPU = Release|Any CPU
	EndGlobalSection
	GlobalSection(ProjectConfigurationPlatforms) = postSolution
		{9D834F4D-22EF-4BC5-A3DA-4CD8ABAB2C96}.Debug|Any CPU.ActiveCfg = Debug|Any CPU
		{9D834F4D-22EF-4BC5-A3DA-4CD8ABAB2C96}.Debug|Any CPU.Build.0 = Debug|Any CPU
		{9D834F4D-22EF-4BC5-A3DA-4CD8ABAB2C96}.Release|Any CPU.ActiveCfg = Release|Any CPU
		{9D834F4D-22EF-4BC5-A3DA-4CD8ABAB2C96}.Release|Any CPU.Build.0 = Release|Any CPU
		{FAE170FD-3290-450D-906F-B0AE33875CEE}.Debug|Any CPU.ActiveCfg = Debug|Any CPU
		{FAE170FD-3290-450D-906F-B0AE33875CEE}.Debug|Any CPU.Build.0 = Debug|Any CPU
		{FAE170FD-3290-450D-906F-B0AE33875CEE}.Release|Any CPU.ActiveCfg = Release|Any CPU
		{FAE170FD-3290-450D-906F-B0AE33875CEE}.Release|Any CPU.Build.0 = Release|Any CPU
		{5AEBB1C3-D751-4D7E-8C65-6025BD98EE27}.Debug|Any CPU.ActiveCfg = Debug|Any CPU
		{5AEBB1C3-D751-4D7E-8C65-6025BD98EE27}.Debug|Any CPU.Build.0 = Debug|Any CPU
		{5AEBB1C3-D751-4D7E-8C65-6025BD98EE27}.Release|Any CPU.ActiveCfg = Release|Any CPU
		{5AEBB1C3-D751-4D7E-8C65-6025BD98EE27}.Release|Any CPU.Build.0 = Release|Any CPU
		{633DB5BE-927E-45AF-860F-4CF5B2EF6AFD}.Debug|Any CPU.ActiveCfg = Debug|Any CPU
		{633DB5BE-927E-45AF-860F-4CF5B2EF6AFD}.Debug|Any CPU.Build.0 = Debug|Any CPU
		{633DB5BE-927E-45AF-860F-4CF5B2EF6AFD}.Release|Any CPU.ActiveCfg = Release|Any CPU
		{633DB5BE-927E-45AF-860F-4CF5B2EF6AFD}.Release|Any CPU.Build.0 = Release|Any CPU
		{C1966555-9617-43DC-9F3D-918D34778945}.Debug|Any CPU.ActiveCfg = Debug|Any CPU
		{C1966555-9617-43DC-9F3D-918D34778945}.Debug|Any CPU.Build.0 = Debug|Any CPU
		{C1966555-9617-43DC-9F3D-918D34778945}.Debug|Any CPU.Deploy.0 = Debug|Any CPU
		{C1966555-9617-43DC-9F3D-918D34778945}.Release|Any CPU.ActiveCfg = Release|Any CPU
		{C1966555-9617-43DC-9F3D-918D34778945}.Release|Any CPU.Build.0 = Release|Any CPU
		{92F31C87-F056-4C81-9318-967A88A530D3}.Debug|Any CPU.ActiveCfg = Debug|Any CPU
		{92F31C87-F056-4C81-9318-967A88A530D3}.Debug|Any CPU.Build.0 = Debug|Any CPU
		{92F31C87-F056-4C81-9318-967A88A530D3}.Release|Any CPU.ActiveCfg = Release|Any CPU
		{92F31C87-F056-4C81-9318-967A88A530D3}.Release|Any CPU.Build.0 = Release|Any CPU
		{771CE6EB-4E57-4CB9-802D-6D12C7D20549}.Debug|Any CPU.ActiveCfg = Debug|Any CPU
		{771CE6EB-4E57-4CB9-802D-6D12C7D20549}.Debug|Any CPU.Build.0 = Debug|Any CPU
		{771CE6EB-4E57-4CB9-802D-6D12C7D20549}.Release|Any CPU.ActiveCfg = Release|Any CPU
		{771CE6EB-4E57-4CB9-802D-6D12C7D20549}.Release|Any CPU.Build.0 = Release|Any CPU
		{FAF96A08-52AF-49D0-A0BA-4F00E6EBD76E}.Debug|Any CPU.ActiveCfg = Debug|Any CPU
		{FAF96A08-52AF-49D0-A0BA-4F00E6EBD76E}.Debug|Any CPU.Build.0 = Debug|Any CPU
		{FAF96A08-52AF-49D0-A0BA-4F00E6EBD76E}.Release|Any CPU.ActiveCfg = Release|Any CPU
		{FAF96A08-52AF-49D0-A0BA-4F00E6EBD76E}.Release|Any CPU.Build.0 = Release|Any CPU
	EndGlobalSection
	GlobalSection(SolutionProperties) = preSolution
		HideSolutionNode = FALSE
	EndGlobalSection
EndGlobal
