
Microsoft Visual Studio Solution File, Format Version 12.00
# Visual Studio Version 16
VisualStudioVersion = 16.0.29509.3
MinimumVisualStudioVersion = 10.0.40219.1
Project("{FAE04EC0-301F-11D3-BF4B-00C04F79EFBC}") = "Questionnaire.Handlers", "Questionnaire.Handlers\Questionnaire.Handlers.csproj", "{6FE9F7E1-D136-4273-96C4-124156B2CF2A}"
EndProject
Project("{FAE04EC0-301F-11D3-BF4B-00C04F79EFBC}") = "Questionnaire.Persistence", "Questionnaire.Persistence\Questionnaire.Persistence.csproj", "{B419B543-15D5-47AC-82F7-915E2CD72C3C}"
EndProject
Project("{FAE04EC0-301F-11D3-BF4B-00C04F79EFBC}") = "Questionnaire.Persistence.NHibernate", "Questionnaire.Persistence.NHibernate\Questionnaire.Persistence.NHibernate.csproj", "{97368868-E393-4A4E-9B1F-642562439E6B}"
EndProject
Project("{FAE04EC0-301F-11D3-BF4B-00C04F79EFBC}") = "Questionnaire.Utilities", "Questionnaire.Utilities\Questionnaire.Utilities.csproj", "{CA22BB12-254F-4927-BC81-8C0A4A52F868}"
EndProject
Project("{FAE04EC0-301F-11D3-BF4B-00C04F79EFBC}") = "Questionnaire.Model", "Questionnaire.Model\Questionnaire.Model.csproj", "{E3F34EDB-C212-4D6D-8E9F-F24955303BDE}"
EndProject
Project("{FAE04EC0-301F-11D3-BF4B-00C04F79EFBC}") = "Questionnaire.Services", "Questionnaire.Services\Questionnaire.Services.csproj", "{866C7FE3-F59E-48B6-A175-5AFE7CEB7B6C}"
EndProject
Project("{FAE04EC0-301F-11D3-BF4B-00C04F79EFBC}") = "Questionnaire.Services.OpenTrivia", "Questionnaire.Services.OpenTrivia\Questionnaire.Services.OpenTrivia.csproj", "{307C22D6-E354-414F-9BBD-BFFBD695C5E5}"
EndProject
Project("{FAE04EC0-301F-11D3-BF4B-00C04F79EFBC}") = "Questionnaire.UI.WinForms", "Questionnaire.UI.WinForms\Questionnaire.UI.WinForms.csproj", "{E2024654-C05D-41AD-A2A9-9C3D9CE40FE9}"
EndProject
Global
	GlobalSection(SolutionConfigurationPlatforms) = preSolution
		Debug|Any CPU = Debug|Any CPU
		Release|Any CPU = Release|Any CPU
	EndGlobalSection
	GlobalSection(ProjectConfigurationPlatforms) = postSolution
		{6FE9F7E1-D136-4273-96C4-124156B2CF2A}.Debug|Any CPU.ActiveCfg = Debug|Any CPU
		{6FE9F7E1-D136-4273-96C4-124156B2CF2A}.Debug|Any CPU.Build.0 = Debug|Any CPU
		{6FE9F7E1-D136-4273-96C4-124156B2CF2A}.Release|Any CPU.ActiveCfg = Release|Any CPU
		{6FE9F7E1-D136-4273-96C4-124156B2CF2A}.Release|Any CPU.Build.0 = Release|Any CPU
		{B419B543-15D5-47AC-82F7-915E2CD72C3C}.Debug|Any CPU.ActiveCfg = Debug|Any CPU
		{B419B543-15D5-47AC-82F7-915E2CD72C3C}.Debug|Any CPU.Build.0 = Debug|Any CPU
		{B419B543-15D5-47AC-82F7-915E2CD72C3C}.Release|Any CPU.ActiveCfg = Release|Any CPU
		{B419B543-15D5-47AC-82F7-915E2CD72C3C}.Release|Any CPU.Build.0 = Release|Any CPU
		{97368868-E393-4A4E-9B1F-642562439E6B}.Debug|Any CPU.ActiveCfg = Debug|Any CPU
		{97368868-E393-4A4E-9B1F-642562439E6B}.Debug|Any CPU.Build.0 = Debug|Any CPU
		{97368868-E393-4A4E-9B1F-642562439E6B}.Release|Any CPU.ActiveCfg = Release|Any CPU
		{97368868-E393-4A4E-9B1F-642562439E6B}.Release|Any CPU.Build.0 = Release|Any CPU
		{CA22BB12-254F-4927-BC81-8C0A4A52F868}.Debug|Any CPU.ActiveCfg = Debug|Any CPU
		{CA22BB12-254F-4927-BC81-8C0A4A52F868}.Debug|Any CPU.Build.0 = Debug|Any CPU
		{CA22BB12-254F-4927-BC81-8C0A4A52F868}.Release|Any CPU.ActiveCfg = Release|Any CPU
		{CA22BB12-254F-4927-BC81-8C0A4A52F868}.Release|Any CPU.Build.0 = Release|Any CPU
		{E3F34EDB-C212-4D6D-8E9F-F24955303BDE}.Debug|Any CPU.ActiveCfg = Debug|Any CPU
		{E3F34EDB-C212-4D6D-8E9F-F24955303BDE}.Debug|Any CPU.Build.0 = Debug|Any CPU
		{E3F34EDB-C212-4D6D-8E9F-F24955303BDE}.Release|Any CPU.ActiveCfg = Release|Any CPU
		{E3F34EDB-C212-4D6D-8E9F-F24955303BDE}.Release|Any CPU.Build.0 = Release|Any CPU
		{866C7FE3-F59E-48B6-A175-5AFE7CEB7B6C}.Debug|Any CPU.ActiveCfg = Debug|Any CPU
		{866C7FE3-F59E-48B6-A175-5AFE7CEB7B6C}.Debug|Any CPU.Build.0 = Debug|Any CPU
		{866C7FE3-F59E-48B6-A175-5AFE7CEB7B6C}.Release|Any CPU.ActiveCfg = Release|Any CPU
		{866C7FE3-F59E-48B6-A175-5AFE7CEB7B6C}.Release|Any CPU.Build.0 = Release|Any CPU
		{307C22D6-E354-414F-9BBD-BFFBD695C5E5}.Debug|Any CPU.ActiveCfg = Debug|Any CPU
		{307C22D6-E354-414F-9BBD-BFFBD695C5E5}.Debug|Any CPU.Build.0 = Debug|Any CPU
		{307C22D6-E354-414F-9BBD-BFFBD695C5E5}.Release|Any CPU.ActiveCfg = Release|Any CPU
		{307C22D6-E354-414F-9BBD-BFFBD695C5E5}.Release|Any CPU.Build.0 = Release|Any CPU
		{E2024654-C05D-41AD-A2A9-9C3D9CE40FE9}.Debug|Any CPU.ActiveCfg = Debug|Any CPU
		{E2024654-C05D-41AD-A2A9-9C3D9CE40FE9}.Debug|Any CPU.Build.0 = Debug|Any CPU
		{E2024654-C05D-41AD-A2A9-9C3D9CE40FE9}.Release|Any CPU.ActiveCfg = Release|Any CPU
		{E2024654-C05D-41AD-A2A9-9C3D9CE40FE9}.Release|Any CPU.Build.0 = Release|Any CPU
	EndGlobalSection
	GlobalSection(SolutionProperties) = preSolution
		HideSolutionNode = FALSE
	EndGlobalSection
	GlobalSection(ExtensibilityGlobals) = postSolution
		SolutionGuid = {D78B9657-F7C9-4D62-8047-46670F07B9EE}
	EndGlobalSection
EndGlobal
